// !$*UTF8*$!
{
	archiveVersion = 1;
	classes = {
	};
	objectVersion = 77;
	objects = {

/* Begin PBXBuildFile section */
		100000000000000000000001 /* RezumateNativeApp.swift in Sources */ = {isa = PBXBuildFile; fileRef = 200000000000000000000001 /* RezumateNativeApp.swift */; };
		100000000000000000000002 /* AppState.swift in Sources */ = {isa = PBXBuildFile; fileRef = 200000000000000000000002 /* AppState.swift */; };
		100000000000000000000004 /* APIModels.swift in Sources */ = {isa = PBXBuildFile; fileRef = 200000000000000000000004 /* APIModels.swift */; };
		100000000000000000000005 /* APIClient.swift in Sources */ = {isa = PBXBuildFile; fileRef = 200000000000000000000005 /* APIClient.swift */; };
		100000000000000000000006 /* KeychainSessionStore.swift in Sources */ = {isa = PBXBuildFile; fileRef = 200000000000000000000006 /* KeychainSessionStore.swift */; };
		100000000000000000000008 /* RootView.swift in Sources */ = {isa = PBXBuildFile; fileRef = 200000000000000000000008 /* RootView.swift */; };
		10000000000000000000000A /* DocumentPicker.swift in Sources */ = {isa = PBXBuildFile; fileRef = 20000000000000000000000A /* DocumentPicker.swift */; };
		10000000000000000000000B /* AnalyzeView.swift in Sources */ = {isa = PBXBuildFile; fileRef = 20000000000000000000000B /* AnalyzeView.swift */; };
		10000000000000000000000C /* ResultsView.swift in Sources */ = {isa = PBXBuildFile; fileRef = 20000000000000000000000C /* ResultsView.swift */; };
		10000000000000000000000D /* HistoryView.swift in Sources */ = {isa = PBXBuildFile; fileRef = 20000000000000000000000D /* HistoryView.swift */; };
		10000000000000000000000E /* VariantDetailView.swift in Sources */ = {isa = PBXBuildFile; fileRef = 20000000000000000000000E /* VariantDetailView.swift */; };
		10000000000000000000000F /* ProfileView.swift in Sources */ = {isa = PBXBuildFile; fileRef = 20000000000000000000000F /* ProfileView.swift */; };
		100000000000000000000010 /* Assets.xcassets in Resources */ = {isa = PBXBuildFile; fileRef = 200000000000000000000010 /* Assets.xcassets */; };
		100000000000000000000011 /* DesignSystem.swift in Sources */ = {isa = PBXBuildFile; fileRef = 200000000000000000000011 /* DesignSystem.swift */; };
		100000000000000000000012 /* PDFTextExtractor.swift in Sources */ = {isa = PBXBuildFile; fileRef = 200000000000000000000012 /* PDFTextExtractor.swift */; };
		100000000000000000000013 /* DocxTextExtractor.swift in Sources */ = {isa = PBXBuildFile; fileRef = 200000000000000000000013 /* DocxTextExtractor.swift */; };
		100000000000000000000014 /* ATSScoringService.swift in Sources */ = {isa = PBXBuildFile; fileRef = 200000000000000000000014 /* ATSScoringService.swift */; };
		100000000000000000000015 /* LocalStorageManager.swift in Sources */ = {isa = PBXBuildFile; fileRef = 200000000000000000000015 /* LocalStorageManager.swift */; };
		100000000000000000000016 /* PDFExportService.swift in Sources */ = {isa = PBXBuildFile; fileRef = 200000000000000000000016 /* PDFExportService.swift */; };
		100000000000000000000017 /* LocalAIService.swift in Sources */ = {isa = PBXBuildFile; fileRef = 200000000000000000000017 /* LocalAIService.swift */; };
		100000000000000000000018 /* PrivacyInfo.xcprivacy in Resources */ = {isa = PBXBuildFile; fileRef = 200000000000000000000018 /* PrivacyInfo.xcprivacy */; };
		100000000000000000000019 /* ResumeDocument.swift in Sources */ = {isa = PBXBuildFile; fileRef = 20000000000000000000001A /* ResumeDocument.swift */; };
		10000000000000000000001A /* ResumeParser.swift in Sources */ = {isa = PBXBuildFile; fileRef = 20000000000000000000001B /* ResumeParser.swift */; };
		10000000000000000000001B /* LaTeXStylePDFRenderer.swift in Sources */ = {isa = PBXBuildFile; fileRef = 20000000000000000000001C /* LaTeXStylePDFRenderer.swift */; };
/* End PBXBuildFile section */

/* Begin PBXFileReference section */
		200000000000000000000000 /* RezumateNative.app */ = {isa = PBXFileReference; explicitFileType = wrapper.application; includeInIndex = 0; path = RezumateNative.app; sourceTree = BUILT_PRODUCTS_DIR; };
		200000000000000000000001 /* RezumateNativeApp.swift */ = {isa = PBXFileReference; lastKnownFileType = sourcecode.swift; path = RezumateNativeApp.swift; sourceTree = "<group>"; };
		200000000000000000000002 /* AppState.swift */ = {isa = PBXFileReference; lastKnownFileType = sourcecode.swift; path = AppState.swift; sourceTree = "<group>"; };
		200000000000000000000004 /* APIModels.swift */ = {isa = PBXFileReference; lastKnownFileType = sourcecode.swift; path = Models/APIModels.swift; sourceTree = "<group>"; };
		200000000000000000000005 /* APIClient.swift */ = {isa = PBXFileReference; lastKnownFileType = sourcecode.swift; path = Services/APIClient.swift; sourceTree = "<group>"; };
		200000000000000000000006 /* KeychainSessionStore.swift */ = {isa = PBXFileReference; lastKnownFileType = sourcecode.swift; path = Services/KeychainSessionStore.swift; sourceTree = "<group>"; };
		200000000000000000000008 /* RootView.swift */ = {isa = PBXFileReference; lastKnownFileType = sourcecode.swift; path = Views/RootView.swift; sourceTree = "<group>"; };
		20000000000000000000000A /* DocumentPicker.swift */ = {isa = PBXFileReference; lastKnownFileType = sourcecode.swift; path = Views/DocumentPicker.swift; sourceTree = "<group>"; };
		20000000000000000000000B /* AnalyzeView.swift */ = {isa = PBXFileReference; lastKnownFileType = sourcecode.swift; path = Views/AnalyzeView.swift; sourceTree = "<group>"; };
		20000000000000000000000C /* ResultsView.swift */ = {isa = PBXFileReference; lastKnownFileType = sourcecode.swift; path = Views/ResultsView.swift; sourceTree = "<group>"; };
		20000000000000000000000D /* HistoryView.swift */ = {isa = PBXFileReference; lastKnownFileType = sourcecode.swift; path = Views/HistoryView.swift; sourceTree = "<group>"; };
		20000000000000000000000E /* VariantDetailView.swift */ = {isa = PBXFileReference; lastKnownFileType = sourcecode.swift; path = Views/VariantDetailView.swift; sourceTree = "<group>"; };
		20000000000000000000000F /* ProfileView.swift */ = {isa = PBXFileReference; lastKnownFileType = sourcecode.swift; path = Views/ProfileView.swift; sourceTree = "<group>"; };
		200000000000000000000010 /* Assets.xcassets */ = {isa = PBXFileReference; lastKnownFileType = folder.assetcatalog; path = Resources/Assets.xcassets; sourceTree = "<group>"; };
		200000000000000000000011 /* DesignSystem.swift */ = {isa = PBXFileReference; lastKnownFileType = sourcecode.swift; path = Views/DesignSystem.swift; sourceTree = "<group>"; };
		200000000000000000000012 /* PDFTextExtractor.swift */ = {isa = PBXFileReference; lastKnownFileType = sourcecode.swift; path = Services/PDFTextExtractor.swift; sourceTree = "<group>"; };
		200000000000000000000013 /* DocxTextExtractor.swift */ = {isa = PBXFileReference; lastKnownFileType = sourcecode.swift; path = Services/DocxTextExtractor.swift; sourceTree = "<group>"; };
		200000000000000000000014 /* ATSScoringService.swift */ = {isa = PBXFileReference; lastKnownFileType = sourcecode.swift; path = Services/ATSScoringService.swift; sourceTree = "<group>"; };
		200000000000000000000015 /* LocalStorageManager.swift */ = {isa = PBXFileReference; lastKnownFileType = sourcecode.swift; path = Services/LocalStorageManager.swift; sourceTree = "<group>"; };
		200000000000000000000016 /* PDFExportService.swift */ = {isa = PBXFileReference; lastKnownFileType = sourcecode.swift; path = Services/PDFExportService.swift; sourceTree = "<group>"; };
		200000000000000000000017 /* LocalAIService.swift */ = {isa = PBXFileReference; lastKnownFileType = sourcecode.swift; path = Services/LocalAIService.swift; sourceTree = "<group>"; };
		200000000000000000000018 /* PrivacyInfo.xcprivacy */ = {isa = PBXFileReference; lastKnownFileType = text.xml; path = Resources/PrivacyInfo.xcprivacy; sourceTree = "<group>"; };
		200000000000000000000019 /* Info.plist */ = {isa = PBXFileReference; lastKnownFileType = text.plist.xml; path = Info.plist; sourceTree = "<group>"; };
		20000000000000000000001A /* ResumeDocument.swift */ = {isa = PBXFileReference; lastKnownFileType = sourcecode.swift; path = Models/ResumeDocument.swift; sourceTree = "<group>"; };
		20000000000000000000001B /* ResumeParser.swift */ = {isa = PBXFileReference; lastKnownFileType = sourcecode.swift; path = Services/ResumeParser.swift; sourceTree = "<group>"; };
		20000000000000000000001C /* LaTeXStylePDFRenderer.swift */ = {isa = PBXFileReference; lastKnownFileType = sourcecode.swift; path = Services/LaTeXStylePDFRenderer.swift; sourceTree = "<group>"; };
/* End PBXFileReference section */

/* Begin PBXGroup section */
		300000000000000000000000 = {
			isa = PBXGroup;
			children = (
				300000000000000000000001 /* RezumateNative */,
				300000000000000000000002 /* Products */,
			);
			sourceTree = "<group>";
		};
		300000000000000000000001 /* RezumateNative */ = {
			isa = PBXGroup;
			children = (
				200000000000000000000001 /* RezumateNativeApp.swift */,
				200000000000000000000019 /* Info.plist */,
				200000000000000000000002 /* AppState.swift */,
				200000000000000000000004 /* APIModels.swift */,
				200000000000000000000005 /* APIClient.swift */,
				200000000000000000000006 /* KeychainSessionStore.swift */,
				200000000000000000000008 /* RootView.swift */,
				20000000000000000000000A /* DocumentPicker.swift */,
				20000000000000000000000B /* AnalyzeView.swift */,
				20000000000000000000000C /* ResultsView.swift */,
				20000000000000000000000D /* HistoryView.swift */,
				20000000000000000000000E /* VariantDetailView.swift */,
				20000000000000000000000F /* ProfileView.swift */,
				200000000000000000000010 /* Assets.xcassets */,
				200000000000000000000011 /* DesignSystem.swift */,
				200000000000000000000012 /* PDFTextExtractor.swift */,
				200000000000000000000013 /* DocxTextExtractor.swift */,
				200000000000000000000014 /* ATSScoringService.swift */,
				200000000000000000000015 /* LocalStorageManager.swift */,
				200000000000000000000016 /* PDFExportService.swift */,
				200000000000000000000017 /* LocalAIService.swift */,
				20000000000000000000001A /* ResumeDocument.swift */,
				20000000000000000000001B /* ResumeParser.swift */,
				20000000000000000000001C /* LaTeXStylePDFRenderer.swift */,
				200000000000000000000018 /* PrivacyInfo.xcprivacy */,
			);
			path = RezumateNative;
			sourceTree = "<group>";
		};
		300000000000000000000002 /* Products */ = {
			isa = PBXGroup;
			children = (
				200000000000000000000000 /* RezumateNative.app */,
			);
			name = Products;
			sourceTree = "<group>";
		};
/* End PBXGroup section */

/* Begin PBXNativeTarget section */
		400000000000000000000000 /* RezumateNative */ = {
			isa = PBXNativeTarget;
			buildConfigurationList = 700000000000000000000001 /* Build configuration list for PBXNativeTarget "RezumateNative" */;
			buildPhases = (
				500000000000000000000001 /* Sources */,
				500000000000000000000002 /* Frameworks */,
				500000000000000000000003 /* Resources */,
			);
			buildRules = (
			);
			dependencies = (
			);
			name = RezumateNative;
			productName = RezumateNative;
			productReference = 200000000000000000000000 /* RezumateNative.app */;
			productType = "com.apple.product-type.application";
		};
/* End PBXNativeTarget section */

/* Begin PBXProject section */
		600000000000000000000000 /* Project object */ = {
			isa = PBXProject;
			attributes = {
				BuildIndependentTargetsInParallel = 1;
				LastSwiftUpdateCheck = 2650;
				LastUpgradeCheck = 2650;
				TargetAttributes = {
					400000000000000000000000 = {
						CreatedOnToolsVersion = 26.5;
					};
				};
			};
			buildConfigurationList = 700000000000000000000000 /* Build configuration list for PBXProject "RezumateNative" */;
			developmentRegion = en;
			hasScannedForEncodings = 0;
			knownRegions = (
				en,
				Base,
			);
			mainGroup = 300000000000000000000000;
			minimizedProjectReferenceProxies = 1;
			preferredProjectObjectVersion = 77;
			productRefGroup = 300000000000000000000002 /* Products */;
			projectDirPath = "";
			projectRoot = "";
			targets = (
				400000000000000000000000 /* RezumateNative */,
			);
		};
/* End PBXProject section */

/* Begin PBXResourcesBuildPhase section */
		500000000000000000000003 /* Resources */ = {
			isa = PBXResourcesBuildPhase;
			buildActionMask = 2147483647;
			files = (
				100000000000000000000010 /* Assets.xcassets in Resources */,
				100000000000000000000018 /* PrivacyInfo.xcprivacy in Resources */,
			);
			runOnlyForDeploymentPostprocessing = 0;
		};
/* End PBXResourcesBuildPhase section */

/* Begin PBXFrameworksBuildPhase section */
		500000000000000000000002 /* Frameworks */ = {
			isa = PBXFrameworksBuildPhase;
			buildActionMask = 2147483647;
			files = (
			);
			runOnlyForDeploymentPostprocessing = 0;
		};
/* End PBXFrameworksBuildPhase section */

/* Begin PBXSourcesBuildPhase section */
		500000000000000000000001 /* Sources */ = {
			isa = PBXSourcesBuildPhase;
			buildActionMask = 2147483647;
			files = (
				100000000000000000000001 /* RezumateNativeApp.swift in Sources */,
				100000000000000000000002 /* AppState.swift in Sources */,
				100000000000000000000004 /* APIModels.swift in Sources */,
				100000000000000000000005 /* APIClient.swift in Sources */,
				100000000000000000000006 /* KeychainSessionStore.swift in Sources */,
				100000000000000000000008 /* RootView.swift in Sources */,
				10000000000000000000000A /* DocumentPicker.swift in Sources */,
				10000000000000000000000B /* AnalyzeView.swift in Sources */,
				10000000000000000000000C /* ResultsView.swift in Sources */,
				10000000000000000000000D /* HistoryView.swift in Sources */,
				10000000000000000000000E /* VariantDetailView.swift in Sources */,
				10000000000000000000000F /* ProfileView.swift in Sources */,
				100000000000000000000011 /* DesignSystem.swift in Sources */,
				100000000000000000000012 /* PDFTextExtractor.swift in Sources */,
				100000000000000000000013 /* DocxTextExtractor.swift in Sources */,
				100000000000000000000014 /* ATSScoringService.swift in Sources */,
				100000000000000000000015 /* LocalStorageManager.swift in Sources */,
				100000000000000000000016 /* PDFExportService.swift in Sources */,
				100000000000000000000017 /* LocalAIService.swift in Sources */,
				100000000000000000000019 /* ResumeDocument.swift in Sources */,
				10000000000000000000001A /* ResumeParser.swift in Sources */,
				10000000000000000000001B /* LaTeXStylePDFRenderer.swift in Sources */,
			);
			runOnlyForDeploymentPostprocessing = 0;
		};
/* End PBXSourcesBuildPhase section */

/* Begin XCBuildConfiguration section */
		800000000000000000000000 /* Debug */ = {
			isa = XCBuildConfiguration;
			buildSettings = {
				ALWAYS_SEARCH_USER_PATHS = NO;
				CLANG_ANALYZER_NONNULL = YES;
				CLANG_ANALYZER_NUMBER_OBJECT_CONVERSION = YES_AGGRESSIVE;
				CLANG_CXX_LANGUAGE_STANDARD = "gnu++20";
				CLANG_ENABLE_MODULES = YES;
				CLANG_ENABLE_OBJC_ARC = YES;
				CLANG_ENABLE_OBJC_WEAK = YES;
				CLANG_WARN_BLOCK_CAPTURE_AUTORELEASING = YES;
				CLANG_WARN_BOOL_CONVERSION = YES;
				CLANG_WARN_COMMA = YES;
				CLANG_WARN_CONSTANT_CONVERSION = YES;
				CLANG_WARN_DEPRECATED_OBJC_IMPLEMENTATIONS = YES;
				CLANG_WARN_DIRECT_OBJC_ISA_USAGE = YES_ERROR;
				CLANG_WARN_DOCUMENTATION_COMMENTS = YES;
				CLANG_WARN_EMPTY_BODY = YES;
				CLANG_WARN_ENUM_CONVERSION = YES;
				CLANG_WARN_INFINITE_RECURSION = YES;
				CLANG_WARN_INT_CONVERSION = YES;
				CLANG_WARN_NON_LITERAL_NULL_CONVERSION = YES;
				CLANG_WARN_OBJC_IMPLICIT_RETAIN_SELF = YES;
				CLANG_WARN_OBJC_LITERAL_CONVERSION = YES;
				CLANG_WARN_OBJC_ROOT_CLASS = YES_ERROR;
				CLANG_WARN_QUOTED_INCLUDE_IN_FRAMEWORK_HEADER = YES;
				CLANG_WARN_RANGE_LOOP_ANALYSIS = YES;
				CLANG_WARN_STRICT_PROTOTYPES = YES;
				CLANG_WARN_SUSPICIOUS_MOVE = YES;
				COPY_PHASE_STRIP = NO;
				DEBUG_INFORMATION_FORMAT = dwarf;
				ENABLE_STRICT_OBJC_MSGSEND = YES;
				ENABLE_TESTABILITY = YES;
				GCC_C_LANGUAGE_STANDARD = gnu17;
				GCC_DYNAMIC_NO_PIC = NO;
				GCC_NO_COMMON_BLOCKS = YES;
				GCC_OPTIMIZATION_LEVEL = 0;
				GCC_PREPROCESSOR_DEFINITIONS = "DEBUG=1";
				GCC_WARN_64_TO_32_BIT_CONVERSION = YES;
				GCC_WARN_ABOUT_RETURN_TYPE = YES_ERROR;
				GCC_WARN_UNDECLARED_SELECTOR = YES;
				GCC_WARN_UNINITIALIZED_AUTOS = YES_AGGRESSIVE;
				GCC_WARN_UNUSED_FUNCTION = YES;
				GCC_WARN_UNUSED_VARIABLE = YES;
				IPHONEOS_DEPLOYMENT_TARGET = 17.0;
				MTL_ENABLE_DEBUG_INFO = INCLUDE_SOURCE;
				MTL_FAST_MATH = YES;
				ONLY_ACTIVE_ARCH = YES;
				SDKROOT = iphoneos;
				SWIFT_ACTIVE_COMPILATION_CONDITIONS = DEBUG;
				SWIFT_VERSION = 5.0;
			};
			name = Debug;
		};
		800000000000000000000001 /* Release */ = {
			isa = XCBuildConfiguration;
			buildSettings = {
				ALWAYS_SEARCH_USER_PATHS = NO;
				CLANG_ANALYZER_NONNULL = YES;
				CLANG_ANALYZER_NUMBER_OBJECT_CONVERSION = YES_AGGRESSIVE;
				CLANG_CXX_LANGUAGE_STANDARD = "gnu++20";
				CLANG_ENABLE_MODULES = YES;
				CLANG_ENABLE_OBJC_ARC = YES;
				CLANG_ENABLE_OBJC_WEAK = YES;
				COPY_PHASE_STRIP = NO;
				DEBUG_INFORMATION_FORMAT = "dwarf-with-dsym";
				ENABLE_NS_ASSERTIONS = NO;
				ENABLE_STRICT_OBJC_MSGSEND = YES;
				GCC_C_LANGUAGE_STANDARD = gnu17;
				GCC_NO_COMMON_BLOCKS = YES;
				IPHONEOS_DEPLOYMENT_TARGET = 17.0;
				MTL_ENABLE_DEBUG_INFO = NO;
				MTL_FAST_MATH = YES;
				SDKROOT = iphoneos;
				SWIFT_COMPILATION_MODE = wholemodule;
				SWIFT_VERSION = 5.0;
				VALIDATE_PRODUCT = YES;
			};
			name = Release;
		};
		800000000000000000000002 /* Debug */ = {
			isa = XCBuildConfiguration;
			buildSettings = {
				ASSETCATALOG_COMPILER_APPICON_NAME = AppIcon;
				ASSETCATALOG_COMPILER_GLOBAL_ACCENT_COLOR_NAME = AccentColor;
				CODE_SIGN_STYLE = Automatic;
				CURRENT_PROJECT_VERSION = 1;
				DEVELOPMENT_TEAM = GVGJLY2H53;
				GENERATE_INFOPLIST_FILE = NO;
				INFOPLIST_FILE = RezumateNative/Info.plist;
				IPHONEOS_DEPLOYMENT_TARGET = 17.0;
				MARKETING_VERSION = 1.0;
				PRODUCT_BUNDLE_IDENTIFIER = com.aftaab.rezumate;
				PRODUCT_NAME = "$(TARGET_NAME)";
				SWIFT_EMIT_LOC_STRINGS = YES;
				SWIFT_VERSION = 5.0;
				TARGETED_DEVICE_FAMILY = "1";
			};
			name = Debug;
		};
		800000000000000000000003 /* Release */ = {
			isa = XCBuildConfiguration;
			buildSettings = {
				ASSETCATALOG_COMPILER_APPICON_NAME = AppIcon;
				ASSETCATALOG_COMPILER_GLOBAL_ACCENT_COLOR_NAME = AccentColor;
				CODE_SIGN_STYLE = Automatic;
				CURRENT_PROJECT_VERSION = 1;
				DEVELOPMENT_TEAM = GVGJLY2H53;
				GENERATE_INFOPLIST_FILE = NO;
				INFOPLIST_FILE = RezumateNative/Info.plist;
				IPHONEOS_DEPLOYMENT_TARGET = 17.0;
				MARKETING_VERSION = 1.0;
				PRODUCT_BUNDLE_IDENTIFIER = com.aftaab.rezumate;
				PRODUCT_NAME = "$(TARGET_NAME)";
				SWIFT_EMIT_LOC_STRINGS = YES;
				SWIFT_VERSION = 5.0;
				TARGETED_DEVICE_FAMILY = "1";
			};
			name = Release;
		};
/* End XCBuildConfiguration section */

/* Begin XCConfigurationList section */
		700000000000000000000000 /* Build configuration list for PBXProject "RezumateNative" */ = {
			isa = XCConfigurationList;
			buildConfigurations = (
				800000000000000000000000 /* Debug */,
				800000000000000000000001 /* Release */,
			);
			defaultConfigurationIsVisible = 0;
			defaultConfigurationName = Release;
		};
		700000000000000000000001 /* Build configuration list for PBXNativeTarget "RezumateNative" */ = {
			isa = XCConfigurationList;
			buildConfigurations = (
				800000000000000000000002 /* Debug */,
				800000000000000000000003 /* Release */,
			);
			defaultConfigurationIsVisible = 0;
			defaultConfigurationName = Release;
		};
/* End XCConfigurationList section */
	};
	rootObject = 600000000000000000000000 /* Project object */;
}
